
Microsoft Visual Studio Solution File, Format Version 12.00
# Visual Studio Version 16
VisualStudioVersion = 16.0.30114.105
MinimumVisualStudioVersion = 10.0.40219.1
Project("{FAE04EC0-301F-11D3-BF4B-00C04F79EFBC}") = "Mailixir.Web.Api", "src\Mailixir.Web.Api\Mailixir.Web.Api.csproj", "{60EBBDC3-9C91-47E8-9F00-5389FC11220B}"
EndProject
Project("{FAE04EC0-301F-11D3-BF4B-00C04F79EFBC}") = "Mailixir.Domain", "src\Mailixir.Domain\Mailixir.Domain.csproj", "{8A642567-8909-45D7-9F0E-CE522697505E}"
EndProject
Project("{FAE04EC0-301F-11D3-BF4B-00C04F79EFBC}") = "Mailixir.Application", "src\Mailixir.Application\Mailixir.Application.csproj", "{93F9F74D-B040-44B9-B648-C96BFE4C2107}"
EndProject
Project("{2150E333-8FDC-42A3-9474-1A3956D46DE8}") = "src", "src", "{F74C7190-CD56-4AF6-A7AB-CE90D071FF97}"
EndProject
Project("{FAE04EC0-301F-11D3-BF4B-00C04F79EFBC}") = "Mailixir.Infrastructure", "src\Mailixir.Infrastructure\Mailixir.Infrastructure.csproj", "{DB9ADF60-C684-4A80-8D54-8A4C56B3E1F8}"
EndProject
Project("{2150E333-8FDC-42A3-9474-1A3956D46DE8}") = "tests", "tests", "{5D5FDAC7-107C-4BE3-9074-B17032D8E1D9}"
EndProject
Project("{FAE04EC0-301F-11D3-BF4B-00C04F79EFBC}") = "Mailixir.Application.IntegrationTests", "tests\Mailixir.Application.IntegrationTests\Mailixir.Application.IntegrationTests.csproj", "{3ACEB039-1A5F-43FD-9400-46BB0D54B2F7}"
EndProject
Project("{FAE04EC0-301F-11D3-BF4B-00C04F79EFBC}") = "Mailixir.Application.UnitTests", "tests\Mailixir.Application.UnitTests\Mailixir.Application.UnitTests.csproj", "{E8484634-DE99-4FD8-9F8C-532842028784}"
EndProject
Project("{FAE04EC0-301F-11D3-BF4B-00C04F79EFBC}") = "Mailixir.Domain.UnitTests", "tests\Mailixir.Domain.UnitTests\Mailixir.Domain.UnitTests.csproj", "{F4683C83-4595-4E2B-AA92-FF141B5338F4}"
EndProject
Global
	GlobalSection(SolutionConfigurationPlatforms) = preSolution
		Debug|Any CPU = Debug|Any CPU
		Debug|x64 = Debug|x64
		Debug|x86 = Debug|x86
		Release|Any CPU = Release|Any CPU
		Release|x64 = Release|x64
		Release|x86 = Release|x86
	EndGlobalSection
	GlobalSection(SolutionProperties) = preSolution
		HideSolutionNode = FALSE
	EndGlobalSection
	GlobalSection(ProjectConfigurationPlatforms) = postSolution
		{60EBBDC3-9C91-47E8-9F00-5389FC11220B}.Debug|Any CPU.ActiveCfg = Debug|Any CPU
		{60EBBDC3-9C91-47E8-9F00-5389FC11220B}.Debug|Any CPU.Build.0 = Debug|Any CPU
		{60EBBDC3-9C91-47E8-9F00-5389FC11220B}.Debug|x64.ActiveCfg = Debug|Any CPU
		{60EBBDC3-9C91-47E8-9F00-5389FC11220B}.Debug|x64.Build.0 = Debug|Any CPU
		{60EBBDC3-9C91-47E8-9F00-5389FC11220B}.Debug|x86.ActiveCfg = Debug|Any CPU
		{60EBBDC3-9C91-47E8-9F00-5389FC11220B}.Debug|x86.Build.0 = Debug|Any CPU
		{60EBBDC3-9C91-47E8-9F00-5389FC11220B}.Release|Any CPU.ActiveCfg = Release|Any CPU
		{60EBBDC3-9C91-47E8-9F00-5389FC11220B}.Release|Any CPU.Build.0 = Release|Any CPU
		{60EBBDC3-9C91-47E8-9F00-5389FC11220B}.Release|x64.ActiveCfg = Release|Any CPU
		{60EBBDC3-9C91-47E8-9F00-5389FC11220B}.Release|x64.Build.0 = Release|Any CPU
		{60EBBDC3-9C91-47E8-9F00-5389FC11220B}.Release|x86.ActiveCfg = Release|Any CPU
		{60EBBDC3-9C91-47E8-9F00-5389FC11220B}.Release|x86.Build.0 = Release|Any CPU
		{8A642567-8909-45D7-9F0E-CE522697505E}.Debug|Any CPU.ActiveCfg = Debug|Any CPU
		{8A642567-8909-45D7-9F0E-CE522697505E}.Debug|Any CPU.Build.0 = Debug|Any CPU
		{8A642567-8909-45D7-9F0E-CE522697505E}.Debug|x64.ActiveCfg = Debug|Any CPU
		{8A642567-8909-45D7-9F0E-CE522697505E}.Debug|x64.Build.0 = Debug|Any CPU
		{8A642567-8909-45D7-9F0E-CE522697505E}.Debug|x86.ActiveCfg = Debug|Any CPU
		{8A642567-8909-45D7-9F0E-CE522697505E}.Debug|x86.Build.0 = Debug|Any CPU
		{8A642567-8909-45D7-9F0E-CE522697505E}.Release|Any CPU.ActiveCfg = Release|Any CPU
		{8A642567-8909-45D7-9F0E-CE522697505E}.Release|Any CPU.Build.0 = Release|Any CPU
		{8A642567-8909-45D7-9F0E-CE522697505E}.Release|x64.ActiveCfg = Release|Any CPU
		{8A642567-8909-45D7-9F0E-CE522697505E}.Release|x64.Build.0 = Release|Any CPU
		{8A642567-8909-45D7-9F0E-CE522697505E}.Release|x86.ActiveCfg = Release|Any CPU
		{8A642567-8909-45D7-9F0E-CE522697505E}.Release|x86.Build.0 = Release|Any CPU
		{A04304E0-383F-4A51-A655-6D0993A68FD2}.Debug|Any CPU.ActiveCfg = Debug|Any CPU
		{A04304E0-383F-4A51-A655-6D0993A68FD2}.Debug|Any CPU.Build.0 = Debug|Any CPU
		{A04304E0-383F-4A51-A655-6D0993A68FD2}.Debug|x64.ActiveCfg = Debug|Any CPU
		{A04304E0-383F-4A51-A655-6D0993A68FD2}.Debug|x64.Build.0 = Debug|Any CPU
		{A04304E0-383F-4A51-A655-6D0993A68FD2}.Debug|x86.ActiveCfg = Debug|Any CPU
		{A04304E0-383F-4A51-A655-6D0993A68FD2}.Debug|x86.Build.0 = Debug|Any CPU
		{A04304E0-383F-4A51-A655-6D0993A68FD2}.Release|Any CPU.ActiveCfg = Release|Any CPU
		{A04304E0-383F-4A51-A655-6D0993A68FD2}.Release|Any CPU.Build.0 = Release|Any CPU
		{A04304E0-383F-4A51-A655-6D0993A68FD2}.Release|x64.ActiveCfg = Release|Any CPU
		{A04304E0-383F-4A51-A655-6D0993A68FD2}.Release|x64.Build.0 = Release|Any CPU
		{A04304E0-383F-4A51-A655-6D0993A68FD2}.Release|x86.ActiveCfg = Release|Any CPU
		{A04304E0-383F-4A51-A655-6D0993A68FD2}.Release|x86.Build.0 = Release|Any CPU
		{93F9F74D-B040-44B9-B648-C96BFE4C2107}.Debug|Any CPU.ActiveCfg = Debug|Any CPU
		{93F9F74D-B040-44B9-B648-C96BFE4C2107}.Debug|Any CPU.Build.0 = Debug|Any CPU
		{93F9F74D-B040-44B9-B648-C96BFE4C2107}.Debug|x64.ActiveCfg = Debug|Any CPU
		{93F9F74D-B040-44B9-B648-C96BFE4C2107}.Debug|x64.Build.0 = Debug|Any CPU
		{93F9F74D-B040-44B9-B648-C96BFE4C2107}.Debug|x86.ActiveCfg = Debug|Any CPU
		{93F9F74D-B040-44B9-B648-C96BFE4C2107}.Debug|x86.Build.0 = Debug|Any CPU
		{93F9F74D-B040-44B9-B648-C96BFE4C2107}.Release|Any CPU.ActiveCfg = Release|Any CPU
		{93F9F74D-B040-44B9-B648-C96BFE4C2107}.Release|Any CPU.Build.0 = Release|Any CPU
		{93F9F74D-B040-44B9-B648-C96BFE4C2107}.Release|x64.ActiveCfg = Release|Any CPU
		{93F9F74D-B040-44B9-B648-C96BFE4C2107}.Release|x64.Build.0 = Release|Any CPU
		{93F9F74D-B040-44B9-B648-C96BFE4C2107}.Release|x86.ActiveCfg = Release|Any CPU
		{93F9F74D-B040-44B9-B648-C96BFE4C2107}.Release|x86.Build.0 = Release|Any CPU
		{EAC15464-2B6E-4E5D-9872-BB1ECA472E79}.Debug|Any CPU.ActiveCfg = Debug|Any CPU
		{EAC15464-2B6E-4E5D-9872-BB1ECA472E79}.Debug|Any CPU.Build.0 = Debug|Any CPU
		{EAC15464-2B6E-4E5D-9872-BB1ECA472E79}.Debug|x64.ActiveCfg = Debug|Any CPU
		{EAC15464-2B6E-4E5D-9872-BB1ECA472E79}.Debug|x64.Build.0 = Debug|Any CPU
		{EAC15464-2B6E-4E5D-9872-BB1ECA472E79}.Debug|x86.ActiveCfg = Debug|Any CPU
		{EAC15464-2B6E-4E5D-9872-BB1ECA472E79}.Debug|x86.Build.0 = Debug|Any CPU
		{EAC15464-2B6E-4E5D-9872-BB1ECA472E79}.Release|Any CPU.ActiveCfg = Release|Any CPU
		{EAC15464-2B6E-4E5D-9872-BB1ECA472E79}.Release|Any CPU.Build.0 = Release|Any CPU
		{EAC15464-2B6E-4E5D-9872-BB1ECA472E79}.Release|x64.ActiveCfg = Release|Any CPU
		{EAC15464-2B6E-4E5D-9872-BB1ECA472E79}.Release|x64.Build.0 = Release|Any CPU
		{EAC15464-2B6E-4E5D-9872-BB1ECA472E79}.Release|x86.ActiveCfg = Release|Any CPU
		{EAC15464-2B6E-4E5D-9872-BB1ECA472E79}.Release|x86.Build.0 = Release|Any CPU
		{DB9ADF60-C684-4A80-8D54-8A4C56B3E1F8}.Debug|Any CPU.ActiveCfg = Debug|Any CPU
		{DB9ADF60-C684-4A80-8D54-8A4C56B3E1F8}.Debug|Any CPU.Build.0 = Debug|Any CPU
		{DB9ADF60-C684-4A80-8D54-8A4C56B3E1F8}.Debug|x64.ActiveCfg = Debug|Any CPU
		{DB9ADF60-C684-4A80-8D54-8A4C56B3E1F8}.Debug|x64.Build.0 = Debug|Any CPU
		{DB9ADF60-C684-4A80-8D54-8A4C56B3E1F8}.Debug|x86.ActiveCfg = Debug|Any CPU
		{DB9ADF60-C684-4A80-8D54-8A4C56B3E1F8}.Debug|x86.Build.0 = Debug|Any CPU
		{DB9ADF60-C684-4A80-8D54-8A4C56B3E1F8}.Release|Any CPU.ActiveCfg = Release|Any CPU
		{DB9ADF60-C684-4A80-8D54-8A4C56B3E1F8}.Release|Any CPU.Build.0 = Release|Any CPU
		{DB9ADF60-C684-4A80-8D54-8A4C56B3E1F8}.Release|x64.ActiveCfg = Release|Any CPU
		{DB9ADF60-C684-4A80-8D54-8A4C56B3E1F8}.Release|x64.Build.0 = Release|Any CPU
		{DB9ADF60-C684-4A80-8D54-8A4C56B3E1F8}.Release|x86.ActiveCfg = Release|Any CPU
		{DB9ADF60-C684-4A80-8D54-8A4C56B3E1F8}.Release|x86.Build.0 = Release|Any CPU
		{3ACEB039-1A5F-43FD-9400-46BB0D54B2F7}.Debug|Any CPU.ActiveCfg = Debug|Any CPU
		{3ACEB039-1A5F-43FD-9400-46BB0D54B2F7}.Debug|Any CPU.Build.0 = Debug|Any CPU
		{3ACEB039-1A5F-43FD-9400-46BB0D54B2F7}.Debug|x64.ActiveCfg = Debug|Any CPU
		{3ACEB039-1A5F-43FD-9400-46BB0D54B2F7}.Debug|x64.Build.0 = Debug|Any CPU
		{3ACEB039-1A5F-43FD-9400-46BB0D54B2F7}.Debug|x86.ActiveCfg = Debug|Any CPU
		{3ACEB039-1A5F-43FD-9400-46BB0D54B2F7}.Debug|x86.Build.0 = Debug|Any CPU
		{3ACEB039-1A5F-43FD-9400-46BB0D54B2F7}.Release|Any CPU.ActiveCfg = Release|Any CPU
		{3ACEB039-1A5F-43FD-9400-46BB0D54B2F7}.Release|Any CPU.Build.0 = Release|Any CPU
		{3ACEB039-1A5F-43FD-9400-46BB0D54B2F7}.Release|x64.ActiveCfg = Release|Any CPU
		{3ACEB039-1A5F-43FD-9400-46BB0D54B2F7}.Release|x64.Build.0 = Release|Any CPU
		{3ACEB039-1A5F-43FD-9400-46BB0D54B2F7}.Release|x86.ActiveCfg = Release|Any CPU
		{3ACEB039-1A5F-43FD-9400-46BB0D54B2F7}.Release|x86.Build.0 = Release|Any CPU
		{E8484634-DE99-4FD8-9F8C-532842028784}.Debug|Any CPU.ActiveCfg = Debug|Any CPU
		{E8484634-DE99-4FD8-9F8C-532842028784}.Debug|Any CPU.Build.0 = Debug|Any CPU
		{E8484634-DE99-4FD8-9F8C-532842028784}.Debug|x64.ActiveCfg = Debug|Any CPU
		{E8484634-DE99-4FD8-9F8C-532842028784}.Debug|x64.Build.0 = Debug|Any CPU
		{E8484634-DE99-4FD8-9F8C-532842028784}.Debug|x86.ActiveCfg = Debug|Any CPU
		{E8484634-DE99-4FD8-9F8C-532842028784}.Debug|x86.Build.0 = Debug|Any CPU
		{E8484634-DE99-4FD8-9F8C-532842028784}.Release|Any CPU.ActiveCfg = Release|Any CPU
		{E8484634-DE99-4FD8-9F8C-532842028784}.Release|Any CPU.Build.0 = Release|Any CPU
		{E8484634-DE99-4FD8-9F8C-532842028784}.Release|x64.ActiveCfg = Release|Any CPU
		{E8484634-DE99-4FD8-9F8C-532842028784}.Release|x64.Build.0 = Release|Any CPU
		{E8484634-DE99-4FD8-9F8C-532842028784}.Release|x86.ActiveCfg = Release|Any CPU
		{E8484634-DE99-4FD8-9F8C-532842028784}.Release|x86.Build.0 = Release|Any CPU
		{F4683C83-4595-4E2B-AA92-FF141B5338F4}.Debug|Any CPU.ActiveCfg = Debug|Any CPU
		{F4683C83-4595-4E2B-AA92-FF141B5338F4}.Debug|Any CPU.Build.0 = Debug|Any CPU
		{F4683C83-4595-4E2B-AA92-FF141B5338F4}.Debug|x64.ActiveCfg = Debug|Any CPU
		{F4683C83-4595-4E2B-AA92-FF141B5338F4}.Debug|x64.Build.0 = Debug|Any CPU
		{F4683C83-4595-4E2B-AA92-FF141B5338F4}.Debug|x86.ActiveCfg = Debug|Any CPU
		{F4683C83-4595-4E2B-AA92-FF141B5338F4}.Debug|x86.Build.0 = Debug|Any CPU
		{F4683C83-4595-4E2B-AA92-FF141B5338F4}.Release|Any CPU.ActiveCfg = Release|Any CPU
		{F4683C83-4595-4E2B-AA92-FF141B5338F4}.Release|Any CPU.Build.0 = Release|Any CPU
		{F4683C83-4595-4E2B-AA92-FF141B5338F4}.Release|x64.ActiveCfg = Release|Any CPU
		{F4683C83-4595-4E2B-AA92-FF141B5338F4}.Release|x64.Build.0 = Release|Any CPU
		{F4683C83-4595-4E2B-AA92-FF141B5338F4}.Release|x86.ActiveCfg = Release|Any CPU
		{F4683C83-4595-4E2B-AA92-FF141B5338F4}.Release|x86.Build.0 = Release|Any CPU
	EndGlobalSection
	GlobalSection(NestedProjects) = preSolution
		{DB9ADF60-C684-4A80-8D54-8A4C56B3E1F8} = {F74C7190-CD56-4AF6-A7AB-CE90D071FF97}
		{3ACEB039-1A5F-43FD-9400-46BB0D54B2F7} = {5D5FDAC7-107C-4BE3-9074-B17032D8E1D9}
		{E8484634-DE99-4FD8-9F8C-532842028784} = {5D5FDAC7-107C-4BE3-9074-B17032D8E1D9}
		{F4683C83-4595-4E2B-AA92-FF141B5338F4} = {5D5FDAC7-107C-4BE3-9074-B17032D8E1D9}
	EndGlobalSection
EndGlobal
